
Microsoft Visual Studio Solution File, Format Version 12.00
# Visual Studio Version 17
VisualStudioVersion = 17.10.34928.147
MinimumVisualStudioVersion = 10.0.40219.1
Project("{888888A0-9F3D-457C-B088-3A5042F75D52}") = "ZanagarComFlaskProject", "ZanagarComFlaskProject\ZanagarComFlaskProject.pyproj", "{7C462B16-D632-4811-A447-5B5F2D5312BD}"
EndProject
Global
	GlobalSection(SolutionConfigurationPlatforms) = preSolution
		Debug|Any CPU = Debug|Any CPU
		Release|Any CPU = Release|Any CPU
	EndGlobalSection
	GlobalSection(ProjectConfigurationPlatforms) = postSolution
		{7C462B16-D632-4811-A447-5B5F2D5312BD}.Debug|Any CPU.ActiveCfg = Debug|Any CPU
		{7C462B16-D632-4811-A447-5B5F2D5312BD}.Debug|Any CPU.Build.0 = Debug|Any CPU
		{7C462B16-D632-4811-A447-5B5F2D5312BD}.Release|Any CPU.ActiveCfg = Release|Any CPU
		{7C462B16-D632-4811-A447-5B5F2D5312BD}.Release|Any CPU.Build.0 = Release|Any CPU
	EndGlobalSection
	GlobalSection(SolutionProperties) = preSolution
		HideSolutionNode = FALSE
	EndGlobalSection
	GlobalSection(ExtensibilityGlobals) = postSolution
		SolutionGuid = {16AC062F-844D-444E-8FC8-085201B4B2A2}
	EndGlobalSection
EndGlobal
